
Microsoft Visual Studio Solution File, Format Version 12.00
# Visual Studio Version 17
VisualStudioVersion = 17.14.36518.9 d17.14
MinimumVisualStudioVersion = 10.0.40219.1
Project("{FAE04EC0-301F-11D3-BF4B-00C04F79EFBC}") = "JovemProgramadorWebApplication", "JovemProgramadorWebApplication\JovemProgramadorWebApplication.csproj", "{96641C69-1D59-4610-93A9-79F9E9BEED73}"
EndProject
Global
	GlobalSection(SolutionConfigurationPlatforms) = preSolution
		Debug|Any CPU = Debug|Any CPU
		Release|Any CPU = Release|Any CPU
	EndGlobalSection
	GlobalSection(ProjectConfigurationPlatforms) = postSolution
		{96641C69-1D59-4610-93A9-79F9E9BEED73}.Debug|Any CPU.ActiveCfg = Debug|Any CPU
		{96641C69-1D59-4610-93A9-79F9E9BEED73}.Debug|Any CPU.Build.0 = Debug|Any CPU
		{96641C69-1D59-4610-93A9-79F9E9BEED73}.Release|Any CPU.ActiveCfg = Release|Any CPU
		{96641C69-1D59-4610-93A9-79F9E9BEED73}.Release|Any CPU.Build.0 = Release|Any CPU
	EndGlobalSection
	GlobalSection(SolutionProperties) = preSolution
		HideSolutionNode = FALSE
	EndGlobalSection
	GlobalSection(ExtensibilityGlobals) = postSolution
		SolutionGuid = {E077B753-228E-4F59-BED6-F7EFBDE7D5F2}
	EndGlobalSection
EndGlobal
